
Microsoft Visual Studio Solution File, Format Version 12.00
# Visual Studio 14
VisualStudioVersion = 14.0.25420.1
MinimumVisualStudioVersion = 10.0.40219.1
Project("{8BC9CEB8-8B4A-11D0-8D11-00A0C91BC942}") = "SimpleApp", "SimpleApp\SimpleApp.vcxproj", "{59CDE97D-0D23-4819-ACF9-A55A3871D038}"
EndProject
Project("{2150E333-8FDC-42A3-9474-1A3956D46DE8}") = "Solution Items", "Solution Items", "{22E778FE-BF7C-4A23-ADF3-05AC1372B136}"
	ProjectSection(SolutionItems) = preProject
		Readme.md = Readme.md
	EndProjectSection
EndProject
Global
	GlobalSection(SolutionConfigurationPlatforms) = preSolution
		Debug|ARM = Debug|ARM
		Debug|x64 = Debug|x64
		Debug|x86 = Debug|x86
		Release|ARM = Release|ARM
		Release|x64 = Release|x64
		Release|x86 = Release|x86
	EndGlobalSection
	GlobalSection(ProjectConfigurationPlatforms) = postSolution
		{59CDE97D-0D23-4819-ACF9-A55A3871D038}.Debug|ARM.ActiveCfg = Debug|ARM
		{59CDE97D-0D23-4819-ACF9-A55A3871D038}.Debug|ARM.Build.0 = Debug|ARM
		{59CDE97D-0D23-4819-ACF9-A55A3871D038}.Debug|ARM.Deploy.0 = Debug|ARM
		{59CDE97D-0D23-4819-ACF9-A55A3871D038}.Debug|x64.ActiveCfg = Debug|x64
		{59CDE97D-0D23-4819-ACF9-A55A3871D038}.Debug|x64.Build.0 = Debug|x64
		{59CDE97D-0D23-4819-ACF9-A55A3871D038}.Debug|x64.Deploy.0 = Debug|x64
		{59CDE97D-0D23-4819-ACF9-A55A3871D038}.Debug|x86.ActiveCfg = Debug|Win32
		{59CDE97D-0D23-4819-ACF9-A55A3871D038}.Debug|x86.Build.0 = Debug|Win32
		{59CDE97D-0D23-4819-ACF9-A55A3871D038}.Debug|x86.Deploy.0 = Debug|Win32
		{59CDE97D-0D23-4819-ACF9-A55A3871D038}.Release|ARM.ActiveCfg = Release|ARM
		{59CDE97D-0D23-4819-ACF9-A55A3871D038}.Release|ARM.Build.0 = Release|ARM
		{59CDE97D-0D23-4819-ACF9-A55A3871D038}.Release|ARM.Deploy.0 = Release|ARM
		{59CDE97D-0D23-4819-ACF9-A55A3871D038}.Release|x64.ActiveCfg = Release|x64
		{59CDE97D-0D23-4819-ACF9-A55A3871D038}.Release|x64.Build.0 = Release|x64
		{59CDE97D-0D23-4819-ACF9-A55A3871D038}.Release|x64.Deploy.0 = Release|x64
		{59CDE97D-0D23-4819-ACF9-A55A3871D038}.Release|x86.ActiveCfg = Release|Win32
		{59CDE97D-0D23-4819-ACF9-A55A3871D038}.Release|x86.Build.0 = Release|Win32
		{59CDE97D-0D23-4819-ACF9-A55A3871D038}.Release|x86.Deploy.0 = Release|Win32
	EndGlobalSection
	GlobalSection(SolutionProperties) = preSolution
		HideSolutionNode = FALSE
	EndGlobalSection
EndGlobal
